// !$*UTF8*$!
{
	archiveVersion = 1;
	classes = {
	};
	objectVersion = 51;
	objects = {

/* Begin PBXBuildFile section */
		585D32C726B8F9B400C31F77 /* AppDelegate.swift in Sources */ = {isa = PBXBuildFile; fileRef = 585D32C626B8F9B400C31F77 /* AppDelegate.swift */; };
		585D32C926B8F9B400C31F77 /* SceneDelegate.swift in Sources */ = {isa = PBXBuildFile; fileRef = 585D32C826B8F9B400C31F77 /* SceneDelegate.swift */; };
		585D32CB26B8F9B400C31F77 /* HomeViewController.swift in Sources */ = {isa = PBXBuildFile; fileRef = 585D32CA26B8F9B400C31F77 /* HomeViewController.swift */; };
		585D32CE26B8F9B400C31F77 /* Main.storyboard in Resources */ = {isa = PBXBuildFile; fileRef = 585D32CC26B8F9B400C31F77 /* Main.storyboard */; };
		585D32D026B8F9B700C31F77 /* Assets.xcassets in Resources */ = {isa = PBXBuildFile; fileRef = 585D32CF26B8F9B700C31F77 /* Assets.xcassets */; };
		585D32D326B8F9B700C31F77 /* LaunchScreen.storyboard in Resources */ = {isa = PBXBuildFile; fileRef = 585D32D126B8F9B700C31F77 /* LaunchScreen.storyboard */; };
		585D32DF26B9052300C31F77 /* PicsumCollectionViewCell.swift in Sources */ = {isa = PBXBuildFile; fileRef = 585D32DD26B9052300C31F77 /* PicsumCollectionViewCell.swift */; };
		585D32E026B9052300C31F77 /* PicsumCollectionViewCell.xib in Resources */ = {isa = PBXBuildFile; fileRef = 585D32DE26B9052300C31F77 /* PicsumCollectionViewCell.xib */; };
		585D32E326B9078C00C31F77 /* PicsumDataBO.swift in Sources */ = {isa = PBXBuildFile; fileRef = 585D32E226B9078C00C31F77 /* PicsumDataBO.swift */; };
		585D32E626B90E2A00C31F77 /* UICollectionViewCell.swift in Sources */ = {isa = PBXBuildFile; fileRef = 585D32E526B90E2A00C31F77 /* UICollectionViewCell.swift */; };
		585D32F026B94AC700C31F77 /* APITaskManager.swift in Sources */ = {isa = PBXBuildFile; fileRef = 585D32EF26B94AC700C31F77 /* APITaskManager.swift */; };
		585D32F426B94B8B00C31F77 /* Constants.swift in Sources */ = {isa = PBXBuildFile; fileRef = 585D32F326B94B8B00C31F77 /* Constants.swift */; };
		585D32F726B94CDF00C31F77 /* Build Configuration.swift in Sources */ = {isa = PBXBuildFile; fileRef = 585D32F626B94CDF00C31F77 /* Build Configuration.swift */; };
		585D32FC26B9505400C31F77 /* PicsumDataRepository.swift in Sources */ = {isa = PBXBuildFile; fileRef = 585D32FB26B9505400C31F77 /* PicsumDataRepository.swift */; };
		585D32FE26B9506400C31F77 /* PicsumDataService.swift in Sources */ = {isa = PBXBuildFile; fileRef = 585D32FD26B9506400C31F77 /* PicsumDataService.swift */; };
		585D330026B9507C00C31F77 /* PicsumDataViewModel.swift in Sources */ = {isa = PBXBuildFile; fileRef = 585D32FF26B9507C00C31F77 /* PicsumDataViewModel.swift */; };
		FDC32A3FAFF91E92F0CCB44D /* Pods_Picsum_Browser.framework in Frameworks */ = {isa = PBXBuildFile; fileRef = 6FC8F3F271387A52B75E7086 /* Pods_Picsum_Browser.framework */; };
/* End PBXBuildFile section */

/* Begin PBXFileReference section */
		02DD869E6248B7195AA20DD7 /* Pods-Picsum Browser.production.xcconfig */ = {isa = PBXFileReference; includeInIndex = 1; lastKnownFileType = text.xcconfig; name = "Pods-Picsum Browser.production.xcconfig"; path = "Target Support Files/Pods-Picsum Browser/Pods-Picsum Browser.production.xcconfig"; sourceTree = "<group>"; };
		337C93262B25CD1858623516 /* Pods-Picsum Browser.development.xcconfig */ = {isa = PBXFileReference; includeInIndex = 1; lastKnownFileType = text.xcconfig; name = "Pods-Picsum Browser.development.xcconfig"; path = "Target Support Files/Pods-Picsum Browser/Pods-Picsum Browser.development.xcconfig"; sourceTree = "<group>"; };
		585D32C326B8F9B400C31F77 /* Picsum Browser.app */ = {isa = PBXFileReference; explicitFileType = wrapper.application; includeInIndex = 0; path = "Picsum Browser.app"; sourceTree = BUILT_PRODUCTS_DIR; };
		585D32C626B8F9B400C31F77 /* AppDelegate.swift */ = {isa = PBXFileReference; lastKnownFileType = sourcecode.swift; path = AppDelegate.swift; sourceTree = "<group>"; };
		585D32C826B8F9B400C31F77 /* SceneDelegate.swift */ = {isa = PBXFileReference; lastKnownFileType = sourcecode.swift; path = SceneDelegate.swift; sourceTree = "<group>"; };
		585D32CA26B8F9B400C31F77 /* HomeViewController.swift */ = {isa = PBXFileReference; lastKnownFileType = sourcecode.swift; path = HomeViewController.swift; sourceTree = "<group>"; };
		585D32CD26B8F9B400C31F77 /* Base */ = {isa = PBXFileReference; lastKnownFileType = file.storyboard; name = Base; path = Base.lproj/Main.storyboard; sourceTree = "<group>"; };
		585D32CF26B8F9B700C31F77 /* Assets.xcassets */ = {isa = PBXFileReference; lastKnownFileType = folder.assetcatalog; path = Assets.xcassets; sourceTree = "<group>"; };
		585D32D226B8F9B700C31F77 /* Base */ = {isa = PBXFileReference; lastKnownFileType = file.storyboard; name = Base; path = Base.lproj/LaunchScreen.storyboard; sourceTree = "<group>"; };
		585D32D426B8F9B700C31F77 /* Info.plist */ = {isa = PBXFileReference; lastKnownFileType = text.plist.xml; path = Info.plist; sourceTree = "<group>"; };
		585D32DD26B9052300C31F77 /* PicsumCollectionViewCell.swift */ = {isa = PBXFileReference; lastKnownFileType = sourcecode.swift; path = PicsumCollectionViewCell.swift; sourceTree = "<group>"; };
		585D32DE26B9052300C31F77 /* PicsumCollectionViewCell.xib */ = {isa = PBXFileReference; lastKnownFileType = file.xib; path = PicsumCollectionViewCell.xib; sourceTree = "<group>"; };
		585D32E226B9078C00C31F77 /* PicsumDataBO.swift */ = {isa = PBXFileReference; lastKnownFileType = sourcecode.swift; path = PicsumDataBO.swift; sourceTree = "<group>"; };
		585D32E526B90E2A00C31F77 /* UICollectionViewCell.swift */ = {isa = PBXFileReference; lastKnownFileType = sourcecode.swift; path = UICollectionViewCell.swift; sourceTree = "<group>"; };
		585D32EF26B94AC700C31F77 /* APITaskManager.swift */ = {isa = PBXFileReference; lastKnownFileType = sourcecode.swift; path = APITaskManager.swift; sourceTree = "<group>"; };
		585D32F326B94B8B00C31F77 /* Constants.swift */ = {isa = PBXFileReference; lastKnownFileType = sourcecode.swift; path = Constants.swift; sourceTree = "<group>"; };
		585D32F626B94CDF00C31F77 /* Build Configuration.swift */ = {isa = PBXFileReference; lastKnownFileType = sourcecode.swift; path = "Build Configuration.swift"; sourceTree = "<group>"; };
		585D32FB26B9505400C31F77 /* PicsumDataRepository.swift */ = {isa = PBXFileReference; lastKnownFileType = sourcecode.swift; path = PicsumDataRepository.swift; sourceTree = "<group>"; };
		585D32FD26B9506400C31F77 /* PicsumDataService.swift */ = {isa = PBXFileReference; lastKnownFileType = sourcecode.swift; path = PicsumDataService.swift; sourceTree = "<group>"; };
		585D32FF26B9507C00C31F77 /* PicsumDataViewModel.swift */ = {isa = PBXFileReference; lastKnownFileType = sourcecode.swift; path = PicsumDataViewModel.swift; sourceTree = "<group>"; };
		585D330126B958A400C31F77 /* Development.xcconfig */ = {isa = PBXFileReference; lastKnownFileType = text.xcconfig; path = Development.xcconfig; sourceTree = "<group>"; };
		585D330326B9598000C31F77 /* Production.xcconfig */ = {isa = PBXFileReference; lastKnownFileType = text.xcconfig; path = Production.xcconfig; sourceTree = "<group>"; };
		6FC8F3F271387A52B75E7086 /* Pods_Picsum_Browser.framework */ = {isa = PBXFileReference; explicitFileType = wrapper.framework; includeInIndex = 0; path = Pods_Picsum_Browser.framework; sourceTree = BUILT_PRODUCTS_DIR; };
/* End PBXFileReference section */

/* Begin PBXFrameworksBuildPhase section */
		585D32C026B8F9B400C31F77 /* Frameworks */ = {
			isa = PBXFrameworksBuildPhase;
			buildActionMask = 2147483647;
			files = (
				FDC32A3FAFF91E92F0CCB44D /* Pods_Picsum_Browser.framework in Frameworks */,
			);
			runOnlyForDeploymentPostprocessing = 0;
		};
/* End PBXFrameworksBuildPhase section */

/* Begin PBXGroup section */
		5816723A26B9B0A30060AB22 /* Manager */ = {
			isa = PBXGroup;
			children = (
				585D32EF26B94AC700C31F77 /* APITaskManager.swift */,
			);
			path = Manager;
			sourceTree = "<group>";
		};
		585D32BA26B8F9B400C31F77 = {
			isa = PBXGroup;
			children = (
				585D32C526B8F9B400C31F77 /* Picsum Browser */,
				585D32C426B8F9B400C31F77 /* Products */,
				F033A1AE4B8342412A6192A7 /* Pods */,
				D352C3B09F35C89B7D9DB87B /* Frameworks */,
			);
			sourceTree = "<group>";
		};
		585D32C426B8F9B400C31F77 /* Products */ = {
			isa = PBXGroup;
			children = (
				585D32C326B8F9B400C31F77 /* Picsum Browser.app */,
			);
			name = Products;
			sourceTree = "<group>";
		};
		585D32C526B8F9B400C31F77 /* Picsum Browser */ = {
			isa = PBXGroup;
			children = (
				585D32E726B945F400C31F77 /* AppDelegate */,
				585D32E826B9462100C31F77 /* View */,
				585D32FA26B94FCE00C31F77 /* ViewModel */,
				585D32F826B94FB800C31F77 /* Repository */,
				585D32EE26B947CC00C31F77 /* Network Layer */,
				585D32ED26B9479300C31F77 /* Model */,
				585D32EB26B9468E00C31F77 /* Resources */,
				585D32F126B94B4E00C31F77 /* Utilities */,
				585D32D426B8F9B700C31F77 /* Info.plist */,
			);
			path = "Picsum Browser";
			sourceTree = "<group>";
		};
		585D32DA26B904DE00C31F77 /* CollectionViewCell */ = {
			isa = PBXGroup;
			children = (
				585D32DD26B9052300C31F77 /* PicsumCollectionViewCell.swift */,
				585D32DE26B9052300C31F77 /* PicsumCollectionViewCell.xib */,
			);
			path = CollectionViewCell;
			sourceTree = "<group>";
		};
		585D32E126B9077000C31F77 /* Business Object */ = {
			isa = PBXGroup;
			children = (
				585D32E226B9078C00C31F77 /* PicsumDataBO.swift */,
			);
			path = "Business Object";
			sourceTree = "<group>";
		};
		585D32E426B90E0600C31F77 /* Extensions */ = {
			isa = PBXGroup;
			children = (
				585D32E526B90E2A00C31F77 /* UICollectionViewCell.swift */,
			);
			path = Extensions;
			sourceTree = "<group>";
		};
		585D32E726B945F400C31F77 /* AppDelegate */ = {
			isa = PBXGroup;
			children = (
				585D32C626B8F9B400C31F77 /* AppDelegate.swift */,
				585D32C826B8F9B400C31F77 /* SceneDelegate.swift */,
			);
			path = AppDelegate;
			sourceTree = "<group>";
		};
		585D32E826B9462100C31F77 /* View */ = {
			isa = PBXGroup;
			children = (
				585D32E926B9463000C31F77 /* ViewController */,
				585D32EA26B9464800C31F77 /* Storyboard */,
				585D32DA26B904DE00C31F77 /* CollectionViewCell */,
			);
			path = View;
			sourceTree = "<group>";
		};
		585D32E926B9463000C31F77 /* ViewController */ = {
			isa = PBXGroup;
			children = (
				585D32CA26B8F9B400C31F77 /* HomeViewController.swift */,
			);
			path = ViewController;
			sourceTree = "<group>";
		};
		585D32EA26B9464800C31F77 /* Storyboard */ = {
			isa = PBXGroup;
			children = (
				585D32D126B8F9B700C31F77 /* LaunchScreen.storyboard */,
				585D32CC26B8F9B400C31F77 /* Main.storyboard */,
			);
			path = Storyboard;
			sourceTree = "<group>";
		};
		585D32EB26B9468E00C31F77 /* Resources */ = {
			isa = PBXGroup;
			children = (
				585D32EC26B946A400C31F77 /* Assets */,
				585D32F526B94CC000C31F77 /* Build Config */,
			);
			path = Resources;
			sourceTree = "<group>";
		};
		585D32EC26B946A400C31F77 /* Assets */ = {
			isa = PBXGroup;
			children = (
				585D32CF26B8F9B700C31F77 /* Assets.xcassets */,
			);
			path = Assets;
			sourceTree = "<group>";
		};
		585D32ED26B9479300C31F77 /* Model */ = {
			isa = PBXGroup;
			children = (
				585D32E126B9077000C31F77 /* Business Object */,
			);
			path = Model;
			sourceTree = "<group>";
		};
		585D32EE26B947CC00C31F77 /* Network Layer */ = {
			isa = PBXGroup;
			children = (
				5816723A26B9B0A30060AB22 /* Manager */,
				585D32F926B94FC100C31F77 /* Service */,
			);
			path = "Network Layer";
			sourceTree = "<group>";
		};
		585D32F126B94B4E00C31F77 /* Utilities */ = {
			isa = PBXGroup;
			children = (
				585D32F226B94B7E00C31F77 /* Constants */,
				585D32E426B90E0600C31F77 /* Extensions */,
			);
			path = Utilities;
			sourceTree = "<group>";
		};
		585D32F226B94B7E00C31F77 /* Constants */ = {
			isa = PBXGroup;
			children = (
				585D32F326B94B8B00C31F77 /* Constants.swift */,
			);
			path = Constants;
			sourceTree = "<group>";
		};
		585D32F526B94CC000C31F77 /* Build Config */ = {
			isa = PBXGroup;
			children = (
				585D32F626B94CDF00C31F77 /* Build Configuration.swift */,
				585D330126B958A400C31F77 /* Development.xcconfig */,
				585D330326B9598000C31F77 /* Production.xcconfig */,
			);
			path = "Build Config";
			sourceTree = "<group>";
		};
		585D32F826B94FB800C31F77 /* Repository */ = {
			isa = PBXGroup;
			children = (
				585D32FB26B9505400C31F77 /* PicsumDataRepository.swift */,
			);
			path = Repository;
			sourceTree = "<group>";
		};
		585D32F926B94FC100C31F77 /* Service */ = {
			isa = PBXGroup;
			children = (
				585D32FD26B9506400C31F77 /* PicsumDataService.swift */,
			);
			path = Service;
			sourceTree = "<group>";
		};
		585D32FA26B94FCE00C31F77 /* ViewModel */ = {
			isa = PBXGroup;
			children = (
				585D32FF26B9507C00C31F77 /* PicsumDataViewModel.swift */,
			);
			path = ViewModel;
			sourceTree = "<group>";
		};
		D352C3B09F35C89B7D9DB87B /* Frameworks */ = {
			isa = PBXGroup;
			children = (
				6FC8F3F271387A52B75E7086 /* Pods_Picsum_Browser.framework */,
			);
			name = Frameworks;
			sourceTree = "<group>";
		};
		F033A1AE4B8342412A6192A7 /* Pods */ = {
			isa = PBXGroup;
			children = (
				337C93262B25CD1858623516 /* Pods-Picsum Browser.development.xcconfig */,
				02DD869E6248B7195AA20DD7 /* Pods-Picsum Browser.production.xcconfig */,
			);
			path = Pods;
			sourceTree = "<group>";
		};
/* End PBXGroup section */

/* Begin PBXNativeTarget section */
		585D32C226B8F9B400C31F77 /* Picsum Browser */ = {
			isa = PBXNativeTarget;
			buildConfigurationList = 585D32D726B8F9B700C31F77 /* Build configuration list for PBXNativeTarget "Picsum Browser" */;
			buildPhases = (
				93A9DCB100AF47A529CA51D2 /* [CP] Check Pods Manifest.lock */,
				585D32BF26B8F9B400C31F77 /* Sources */,
				585D32C026B8F9B400C31F77 /* Frameworks */,
				585D32C126B8F9B400C31F77 /* Resources */,
				B5E13400A9D9DB259BD594DA /* [CP] Embed Pods Frameworks */,
			);
			buildRules = (
			);
			dependencies = (
			);
			name = "Picsum Browser";
			productName = "Picsum Browser";
			productReference = 585D32C326B8F9B400C31F77 /* Picsum Browser.app */;
			productType = "com.apple.product-type.application";
		};
/* End PBXNativeTarget section */

/* Begin PBXProject section */
		585D32BB26B8F9B400C31F77 /* Project object */ = {
			isa = PBXProject;
			attributes = {
				LastSwiftUpdateCheck = 1250;
				LastUpgradeCheck = 1250;
				TargetAttributes = {
					585D32C226B8F9B400C31F77 = {
						CreatedOnToolsVersion = 12.5.1;
					};
				};
			};
			buildConfigurationList = 585D32BE26B8F9B400C31F77 /* Build configuration list for PBXProject "Picsum Browser" */;
			compatibilityVersion = "Xcode 9.3";
			developmentRegion = en;
			hasScannedForEncodings = 0;
			knownRegions = (
				en,
				Base,
			);
			mainGroup = 585D32BA26B8F9B400C31F77;
			productRefGroup = 585D32C426B8F9B400C31F77 /* Products */;
			projectDirPath = "";
			projectRoot = "";
			targets = (
				585D32C226B8F9B400C31F77 /* Picsum Browser */,
			);
		};
/* End PBXProject section */

/* Begin PBXResourcesBuildPhase section */
		585D32C126B8F9B400C31F77 /* Resources */ = {
			isa = PBXResourcesBuildPhase;
			buildActionMask = 2147483647;
			files = (
				585D32D326B8F9B700C31F77 /* LaunchScreen.storyboard in Resources */,
				585D32E026B9052300C31F77 /* PicsumCollectionViewCell.xib in Resources */,
				585D32D026B8F9B700C31F77 /* Assets.xcassets in Resources */,
				585D32CE26B8F9B400C31F77 /* Main.storyboard in Resources */,
			);
			runOnlyForDeploymentPostprocessing = 0;
		};
/* End PBXResourcesBuildPhase section */

/* Begin PBXShellScriptBuildPhase section */
		93A9DCB100AF47A529CA51D2 /* [CP] Check Pods Manifest.lock */ = {
			isa = PBXShellScriptBuildPhase;
			buildActionMask = 2147483647;
			files = (
			);
			inputFileListPaths = (
			);
			inputPaths = (
				"${PODS_PODFILE_DIR_PATH}/Podfile.lock",
				"${PODS_ROOT}/Manifest.lock",
			);
			name = "[CP] Check Pods Manifest.lock";
			outputFileListPaths = (
			);
			outputPaths = (
				"$(DERIVED_FILE_DIR)/Pods-Picsum Browser-checkManifestLockResult.txt",
			);
			runOnlyForDeploymentPostprocessing = 0;
			shellPath = /bin/sh;
			shellScript = "diff \"${PODS_PODFILE_DIR_PATH}/Podfile.lock\" \"${PODS_ROOT}/Manifest.lock\" > /dev/null\nif [ $? != 0 ] ; then\n    # print error to STDERR\n    echo \"error: The sandbox is not in sync with the Podfile.lock. Run 'pod install' or update your CocoaPods installation.\" >&2\n    exit 1\nfi\n# This output is used by Xcode 'outputs' to avoid re-running this script phase.\necho \"SUCCESS\" > \"${SCRIPT_OUTPUT_FILE_0}\"\n";
			showEnvVarsInLog = 0;
		};
		B5E13400A9D9DB259BD594DA /* [CP] Embed Pods Frameworks */ = {
			isa = PBXShellScriptBuildPhase;
			buildActionMask = 2147483647;
			files = (
			);
			inputFileListPaths = (
				"${PODS_ROOT}/Target Support Files/Pods-Picsum Browser/Pods-Picsum Browser-frameworks-${CONFIGURATION}-input-files.xcfilelist",
			);
			name = "[CP] Embed Pods Frameworks";
			outputFileListPaths = (
				"${PODS_ROOT}/Target Support Files/Pods-Picsum Browser/Pods-Picsum Browser-frameworks-${CONFIGURATION}-output-files.xcfilelist",
			);
			runOnlyForDeploymentPostprocessing = 0;
			shellPath = /bin/sh;
			shellScript = "\"${PODS_ROOT}/Target Support Files/Pods-Picsum Browser/Pods-Picsum Browser-frameworks.sh\"\n";
			showEnvVarsInLog = 0;
		};
/* End PBXShellScriptBuildPhase section */

/* Begin PBXSourcesBuildPhase section */
		585D32BF26B8F9B400C31F77 /* Sources */ = {
			isa = PBXSourcesBuildPhase;
			buildActionMask = 2147483647;
			files = (
				585D32E326B9078C00C31F77 /* PicsumDataBO.swift in Sources */,
				585D32F726B94CDF00C31F77 /* Build Configuration.swift in Sources */,
				585D32CB26B8F9B400C31F77 /* HomeViewController.swift in Sources */,
				585D32DF26B9052300C31F77 /* PicsumCollectionViewCell.swift in Sources */,
				585D32FC26B9505400C31F77 /* PicsumDataRepository.swift in Sources */,
				585D32F026B94AC700C31F77 /* APITaskManager.swift in Sources */,
				585D32E626B90E2A00C31F77 /* UICollectionViewCell.swift in Sources */,
				585D32C726B8F9B400C31F77 /* AppDelegate.swift in Sources */,
				585D32C926B8F9B400C31F77 /* SceneDelegate.swift in Sources */,
				585D32F426B94B8B00C31F77 /* Constants.swift in Sources */,
				585D32FE26B9506400C31F77 /* PicsumDataService.swift in Sources */,
				585D330026B9507C00C31F77 /* PicsumDataViewModel.swift in Sources */,
			);
			runOnlyForDeploymentPostprocessing = 0;
		};
/* End PBXSourcesBuildPhase section */

/* Begin PBXVariantGroup section */
		585D32CC26B8F9B400C31F77 /* Main.storyboard */ = {
			isa = PBXVariantGroup;
			children = (
				585D32CD26B8F9B400C31F77 /* Base */,
			);
			name = Main.storyboard;
			sourceTree = "<group>";
		};
		585D32D126B8F9B700C31F77 /* LaunchScreen.storyboard */ = {
			isa = PBXVariantGroup;
			children = (
				585D32D226B8F9B700C31F77 /* Base */,
			);
			name = LaunchScreen.storyboard;
			sourceTree = "<group>";
		};
/* End PBXVariantGroup section */

/* Begin XCBuildConfiguration section */
		585D32D526B8F9B700C31F77 /* Development */ = {
			isa = XCBuildConfiguration;
			baseConfigurationReference = 585D330126B958A400C31F77 /* Development.xcconfig */;
			buildSettings = {
				ALWAYS_SEARCH_USER_PATHS = NO;
				CLANG_ANALYZER_NONNULL = YES;
				CLANG_ANALYZER_NUMBER_OBJECT_CONVERSION = YES_AGGRESSIVE;
				CLANG_CXX_LANGUAGE_STANDARD = "gnu++14";
				CLANG_CXX_LIBRARY = "libc++";
				CLANG_ENABLE_MODULES = YES;
				CLANG_ENABLE_OBJC_ARC = YES;
				CLANG_ENABLE_OBJC_WEAK = YES;
				CLANG_WARN_BLOCK_CAPTURE_AUTORELEASING = YES;
				CLANG_WARN_BOOL_CONVERSION = YES;
				CLANG_WARN_COMMA = YES;
				CLANG_WARN_CONSTANT_CONVERSION = YES;
				CLANG_WARN_DEPRECATED_OBJC_IMPLEMENTATIONS = YES;
				CLANG_WARN_DIRECT_OBJC_ISA_USAGE = YES_ERROR;
				CLANG_WARN_DOCUMENTATION_COMMENTS = YES;
				CLANG_WARN_EMPTY_BODY = YES;
				CLANG_WARN_ENUM_CONVERSION = YES;
				CLANG_WARN_INFINITE_RECURSION = YES;
				CLANG_WARN_INT_CONVERSION = YES;
				CLANG_WARN_NON_LITERAL_NULL_CONVERSION = YES;
				CLANG_WARN_OBJC_IMPLICIT_RETAIN_SELF = YES;
				CLANG_WARN_OBJC_LITERAL_CONVERSION = YES;
				CLANG_WARN_OBJC_ROOT_CLASS = YES_ERROR;
				CLANG_WARN_QUOTED_INCLUDE_IN_FRAMEWORK_HEADER = YES;
				CLANG_WARN_RANGE_LOOP_ANALYSIS = YES;
				CLANG_WARN_STRICT_PROTOTYPES = YES;
				CLANG_WARN_SUSPICIOUS_MOVE = YES;
				CLANG_WARN_UNGUARDED_AVAILABILITY = YES_AGGRESSIVE;
				CLANG_WARN_UNREACHABLE_CODE = YES;
				CLANG_WARN__DUPLICATE_METHOD_MATCH = YES;
				COPY_PHASE_STRIP = NO;
				DEBUG_INFORMATION_FORMAT = dwarf;
				ENABLE_STRICT_OBJC_MSGSEND = YES;
				ENABLE_TESTABILITY = YES;
				GCC_C_LANGUAGE_STANDARD = gnu11;
				GCC_DYNAMIC_NO_PIC = NO;
				GCC_NO_COMMON_BLOCKS = YES;
				GCC_OPTIMIZATION_LEVEL = 0;
				GCC_PREPROCESSOR_DEFINITIONS = (
					"DEBUG=1",
					"$(inherited)",
				);
				GCC_WARN_64_TO_32_BIT_CONVERSION = YES;
				GCC_WARN_ABOUT_RETURN_TYPE = YES_ERROR;
				GCC_WARN_UNDECLARED_SELECTOR = YES;
				GCC_WARN_UNINITIALIZED_AUTOS = YES_AGGRESSIVE;
				GCC_WARN_UNUSED_FUNCTION = YES;
				GCC_WARN_UNUSED_VARIABLE = YES;
				IPHONEOS_DEPLOYMENT_TARGET = 13.0;
				MTL_ENABLE_DEBUG_INFO = INCLUDE_SOURCE;
				MTL_FAST_MATH = YES;
				ONLY_ACTIVE_ARCH = YES;
				SDKROOT = iphoneos;
				SWIFT_ACTIVE_COMPILATION_CONDITIONS = DEBUG;
				SWIFT_OPTIMIZATION_LEVEL = "-Onone";
			};
			name = Development;
		};
		585D32D626B8F9B700C31F77 /* Production */ = {
			isa = XCBuildConfiguration;
			baseConfigurationReference = 585D330326B9598000C31F77 /* Production.xcconfig */;
			buildSettings = {
				ALWAYS_SEARCH_USER_PATHS = NO;
				CLANG_ANALYZER_NONNULL = YES;
				CLANG_ANALYZER_NUMBER_OBJECT_CONVERSION = YES_AGGRESSIVE;
				CLANG_CXX_LANGUAGE_STANDARD = "gnu++14";
				CLANG_CXX_LIBRARY = "libc++";
				CLANG_ENABLE_MODULES = YES;
				CLANG_ENABLE_OBJC_ARC = YES;
				CLANG_ENABLE_OBJC_WEAK = YES;
				CLANG_WARN_BLOCK_CAPTURE_AUTORELEASING = YES;
				CLANG_WARN_BOOL_CONVERSION = YES;
				CLANG_WARN_COMMA = YES;
				CLANG_WARN_CONSTANT_CONVERSION = YES;
				CLANG_WARN_DEPRECATED_OBJC_IMPLEMENTATIONS = YES;
				CLANG_WARN_DIRECT_OBJC_ISA_USAGE = YES_ERROR;
				CLANG_WARN_DOCUMENTATION_COMMENTS = YES;
				CLANG_WARN_EMPTY_BODY = YES;
				CLANG_WARN_ENUM_CONVERSION = YES;
				CLANG_WARN_INFINITE_RECURSION = YES;
				CLANG_WARN_INT_CONVERSION = YES;
				CLANG_WARN_NON_LITERAL_NULL_CONVERSION = YES;
				CLANG_WARN_OBJC_IMPLICIT_RETAIN_SELF = YES;
				CLANG_WARN_OBJC_LITERAL_CONVERSION = YES;
				CLANG_WARN_OBJC_ROOT_CLASS = YES_ERROR;
				CLANG_WARN_QUOTED_INCLUDE_IN_FRAMEWORK_HEADER = YES;
				CLANG_WARN_RANGE_LOOP_ANALYSIS = YES;
				CLANG_WARN_STRICT_PROTOTYPES = YES;
				CLANG_WARN_SUSPICIOUS_MOVE = YES;
				CLANG_WARN_UNGUARDED_AVAILABILITY = YES_AGGRESSIVE;
				CLANG_WARN_UNREACHABLE_CODE = YES;
				CLANG_WARN__DUPLICATE_METHOD_MATCH = YES;
				COPY_PHASE_STRIP = NO;
				DEBUG_INFORMATION_FORMAT = "dwarf-with-dsym";
				ENABLE_NS_ASSERTIONS = NO;
				ENABLE_STRICT_OBJC_MSGSEND = YES;
				GCC_C_LANGUAGE_STANDARD = gnu11;
				GCC_NO_COMMON_BLOCKS = YES;
				GCC_WARN_64_TO_32_BIT_CONVERSION = YES;
				GCC_WARN_ABOUT_RETURN_TYPE = YES_ERROR;
				GCC_WARN_UNDECLARED_SELECTOR = YES;
				GCC_WARN_UNINITIALIZED_AUTOS = YES_AGGRESSIVE;
				GCC_WARN_UNUSED_FUNCTION = YES;
				GCC_WARN_UNUSED_VARIABLE = YES;
				IPHONEOS_DEPLOYMENT_TARGET = 13.0;
				MTL_ENABLE_DEBUG_INFO = NO;
				MTL_FAST_MATH = YES;
				SDKROOT = iphoneos;
				SWIFT_COMPILATION_MODE = wholemodule;
				SWIFT_OPTIMIZATION_LEVEL = "-O";
				VALIDATE_PRODUCT = YES;
			};
			name = Production;
		};
		585D32D826B8F9B700C31F77 /* Development */ = {
			isa = XCBuildConfiguration;
			baseConfigurationReference = 337C93262B25CD1858623516 /* Pods-Picsum Browser.development.xcconfig */;
			buildSettings = {
				ASSETCATALOG_COMPILER_APPICON_NAME = AppIcon;
				ASSETCATALOG_COMPILER_GLOBAL_ACCENT_COLOR_NAME = AccentColor;
				CODE_SIGN_STYLE = Automatic;
				DEVELOPMENT_TEAM = 83N78B2XWV;
				INFOPLIST_FILE = "Picsum Browser/Info.plist";
				LD_RUNPATH_SEARCH_PATHS = (
					"$(inherited)",
					"@executable_path/Frameworks",
				);
				PRODUCT_BUNDLE_IDENTIFIER = "rohit-nikam.Picsum-Browser";
				PRODUCT_NAME = "$(TARGET_NAME)";
				SWIFT_VERSION = 5.0;
				TARGETED_DEVICE_FAMILY = "1,2";
			};
			name = Development;
		};
		585D32D926B8F9B700C31F77 /* Production */ = {
			isa = XCBuildConfiguration;
			baseConfigurationReference = 02DD869E6248B7195AA20DD7 /* Pods-Picsum Browser.production.xcconfig */;
			buildSettings = {
				ASSETCATALOG_COMPILER_APPICON_NAME = AppIcon;
				ASSETCATALOG_COMPILER_GLOBAL_ACCENT_COLOR_NAME = AccentColor;
				CODE_SIGN_STYLE = Automatic;
				DEVELOPMENT_TEAM = 83N78B2XWV;
				INFOPLIST_FILE = "Picsum Browser/Info.plist";
				LD_RUNPATH_SEARCH_PATHS = (
					"$(inherited)",
					"@executable_path/Frameworks",
				);
				PRODUCT_BUNDLE_IDENTIFIER = "rohit-nikam.Picsum-Browser";
				PRODUCT_NAME = "$(TARGET_NAME)";
				SWIFT_VERSION = 5.0;
				TARGETED_DEVICE_FAMILY = "1,2";
			};
			name = Production;
		};
/* End XCBuildConfiguration section */

/* Begin XCConfigurationList section */
		585D32BE26B8F9B400C31F77 /* Build configuration list for PBXProject "Picsum Browser" */ = {
			isa = XCConfigurationList;
			buildConfigurations = (
				585D32D526B8F9B700C31F77 /* Development */,
				585D32D626B8F9B700C31F77 /* Production */,
			);
			defaultConfigurationIsVisible = 0;
			defaultConfigurationName = Production;
		};
		585D32D726B8F9B700C31F77 /* Build configuration list for PBXNativeTarget "Picsum Browser" */ = {
			isa = XCConfigurationList;
			buildConfigurations = (
				585D32D826B8F9B700C31F77 /* Development */,
				585D32D926B8F9B700C31F77 /* Production */,
			);
			defaultConfigurationIsVisible = 0;
			defaultConfigurationName = Production;
		};
/* End XCConfigurationList section */
	};
	rootObject = 585D32BB26B8F9B400C31F77 /* Project object */;
}
